
Microsoft Visual Studio Solution File, Format Version 12.00
# Visual Studio Version 16
VisualStudioVersion = 16.0.31105.61
MinimumVisualStudioVersion = 10.0.40219.1
Project("{2150E333-8FDC-42A3-9474-1A3956D46DE8}") = "DBAppsIntroduction", "DBAppsIntroduction", "{00D822B5-2989-4C86-936C-BC5D5350A931}"
EndProject
Project("{2150E333-8FDC-42A3-9474-1A3956D46DE8}") = "ExADO", "ExADO", "{3EB5286C-FA4D-4567-A8E7-E5A2F39B6A13}"
EndProject
Project("{9A19103F-16F7-4668-BE54-9A1E7A4F7556}") = "2ExAdoNet", "2ExAdoNet\2ExAdoNet.csproj", "{8C3D1497-7E1A-440A-8760-CDD37BD52BEB}"
EndProject
Project("{9A19103F-16F7-4668-BE54-9A1E7A4F7556}") = "3ExAdoNet", "3ExAdoNet\3ExAdoNet.csproj", "{0229A6A7-8F6D-4DA2-AD12-C84537B920A6}"
EndProject
Project("{9A19103F-16F7-4668-BE54-9A1E7A4F7556}") = "4ExAdoNet", "4ExAdoNet\4ExAdoNet.csproj", "{EE222BD7-2C9E-41D2-8BC2-84DD2541B511}"
EndProject
Project("{9A19103F-16F7-4668-BE54-9A1E7A4F7556}") = "5ExAdoNet", "5ExAdoNet\5ExAdoNet.csproj", "{0E0FC3E4-95C5-4A5F-BA01-E95514993E05}"
EndProject
Project("{9A19103F-16F7-4668-BE54-9A1E7A4F7556}") = "6ExAdoNet", "6ExAdoNet\6ExAdoNet.csproj", "{2A158575-A75A-441C-A063-B08B9B861693}"
EndProject
Project("{9A19103F-16F7-4668-BE54-9A1E7A4F7556}") = "7ExAdoNet", "7ExAdoNet\7ExAdoNet.csproj", "{8502DE6A-9552-46BC-9EB5-7C326273F926}"
EndProject
Project("{9A19103F-16F7-4668-BE54-9A1E7A4F7556}") = "8ExAdoNet", "8ExAdoNet\8ExAdoNet.csproj", "{3580DB4D-B7B0-4E64-94D9-008CD70B6689}"
EndProject
Project("{9A19103F-16F7-4668-BE54-9A1E7A4F7556}") = "9ExAdoNet", "9ExAdoNet\9ExAdoNet.csproj", "{6DAFFEA7-2310-4728-9899-10E3DE8F6B0B}"
EndProject
Project("{2150E333-8FDC-42A3-9474-1A3956D46DE8}") = "ORMFundMiniORM", "ORMFundMiniORM", "{F6ECF565-8DA6-4E77-86F0-C08B5B6D0E86}"
EndProject
Project("{9A19103F-16F7-4668-BE54-9A1E7A4F7556}") = "MiniORM", "MiniORM\MiniORM.csproj", "{D5C16E33-535F-4B2F-9F2A-9EA5D2BFADFC}"
EndProject
Project("{9A19103F-16F7-4668-BE54-9A1E7A4F7556}") = "MiniORM.App", "MiniORM.App\MiniORM.App.csproj", "{CCB4E6C1-AA99-4EED-B0F0-34B7A94DF9D2}"
EndProject
Project("{2150E333-8FDC-42A3-9474-1A3956D46DE8}") = "EntityFramework", "EntityFramework", "{309B252E-D55E-4A9D-B526-BFE74E7BAD49}"
EndProject
Project("{9A19103F-16F7-4668-BE54-9A1E7A4F7556}") = "EntityFrameworkLAB", "EntityFrameworkLAB\EntityFrameworkLAB.csproj", "{9DDEFCD3-5B2F-462E-9F50-16CF5DAE8CF5}"
EndProject
Project("{9A19103F-16F7-4668-BE54-9A1E7A4F7556}") = "EntityFrameworkInClass", "EntityFrameworkInClass\EntityFrameworkInClass.csproj", "{DA75B08D-81DB-4050-AFA3-9BE2B56A93ED}"
EndProject
Project("{9A19103F-16F7-4668-BE54-9A1E7A4F7556}") = "1ExAdoNet", "1ExAdoNet\1ExAdoNet.csproj", "{F4461725-3FA2-46C6-9BA0-7ABEDE581EAA}"
EndProject
Project("{9A19103F-16F7-4668-BE54-9A1E7A4F7556}") = "DBAppsIntroduction", "DBAppsIntroduction\DBAppsIntroduction.csproj", "{4ADA932B-F5DF-4968-9CEB-FC1E9BE4A54C}"
EndProject
Global
	GlobalSection(SolutionConfigurationPlatforms) = preSolution
		Debug|Any CPU = Debug|Any CPU
		Release|Any CPU = Release|Any CPU
	EndGlobalSection
	GlobalSection(ProjectConfigurationPlatforms) = postSolution
		{8C3D1497-7E1A-440A-8760-CDD37BD52BEB}.Debug|Any CPU.ActiveCfg = Debug|Any CPU
		{8C3D1497-7E1A-440A-8760-CDD37BD52BEB}.Debug|Any CPU.Build.0 = Debug|Any CPU
		{8C3D1497-7E1A-440A-8760-CDD37BD52BEB}.Release|Any CPU.ActiveCfg = Release|Any CPU
		{8C3D1497-7E1A-440A-8760-CDD37BD52BEB}.Release|Any CPU.Build.0 = Release|Any CPU
		{0229A6A7-8F6D-4DA2-AD12-C84537B920A6}.Debug|Any CPU.ActiveCfg = Debug|Any CPU
		{0229A6A7-8F6D-4DA2-AD12-C84537B920A6}.Debug|Any CPU.Build.0 = Debug|Any CPU
		{0229A6A7-8F6D-4DA2-AD12-C84537B920A6}.Release|Any CPU.ActiveCfg = Release|Any CPU
		{0229A6A7-8F6D-4DA2-AD12-C84537B920A6}.Release|Any CPU.Build.0 = Release|Any CPU
		{EE222BD7-2C9E-41D2-8BC2-84DD2541B511}.Debug|Any CPU.ActiveCfg = Debug|Any CPU
		{EE222BD7-2C9E-41D2-8BC2-84DD2541B511}.Debug|Any CPU.Build.0 = Debug|Any CPU
		{EE222BD7-2C9E-41D2-8BC2-84DD2541B511}.Release|Any CPU.ActiveCfg = Release|Any CPU
		{EE222BD7-2C9E-41D2-8BC2-84DD2541B511}.Release|Any CPU.Build.0 = Release|Any CPU
		{0E0FC3E4-95C5-4A5F-BA01-E95514993E05}.Debug|Any CPU.ActiveCfg = Debug|Any CPU
		{0E0FC3E4-95C5-4A5F-BA01-E95514993E05}.Debug|Any CPU.Build.0 = Debug|Any CPU
		{0E0FC3E4-95C5-4A5F-BA01-E95514993E05}.Release|Any CPU.ActiveCfg = Release|Any CPU
		{0E0FC3E4-95C5-4A5F-BA01-E95514993E05}.Release|Any CPU.Build.0 = Release|Any CPU
		{2A158575-A75A-441C-A063-B08B9B861693}.Debug|Any CPU.ActiveCfg = Debug|Any CPU
		{2A158575-A75A-441C-A063-B08B9B861693}.Debug|Any CPU.Build.0 = Debug|Any CPU
		{2A158575-A75A-441C-A063-B08B9B861693}.Release|Any CPU.ActiveCfg = Release|Any CPU
		{2A158575-A75A-441C-A063-B08B9B861693}.Release|Any CPU.Build.0 = Release|Any CPU
		{8502DE6A-9552-46BC-9EB5-7C326273F926}.Debug|Any CPU.ActiveCfg = Debug|Any CPU
		{8502DE6A-9552-46BC-9EB5-7C326273F926}.Debug|Any CPU.Build.0 = Debug|Any CPU
		{8502DE6A-9552-46BC-9EB5-7C326273F926}.Release|Any CPU.ActiveCfg = Release|Any CPU
		{8502DE6A-9552-46BC-9EB5-7C326273F926}.Release|Any CPU.Build.0 = Release|Any CPU
		{3580DB4D-B7B0-4E64-94D9-008CD70B6689}.Debug|Any CPU.ActiveCfg = Debug|Any CPU
		{3580DB4D-B7B0-4E64-94D9-008CD70B6689}.Debug|Any CPU.Build.0 = Debug|Any CPU
		{3580DB4D-B7B0-4E64-94D9-008CD70B6689}.Release|Any CPU.ActiveCfg = Release|Any CPU
		{3580DB4D-B7B0-4E64-94D9-008CD70B6689}.Release|Any CPU.Build.0 = Release|Any CPU
		{6DAFFEA7-2310-4728-9899-10E3DE8F6B0B}.Debug|Any CPU.ActiveCfg = Debug|Any CPU
		{6DAFFEA7-2310-4728-9899-10E3DE8F6B0B}.Debug|Any CPU.Build.0 = Debug|Any CPU
		{6DAFFEA7-2310-4728-9899-10E3DE8F6B0B}.Release|Any CPU.ActiveCfg = Release|Any CPU
		{6DAFFEA7-2310-4728-9899-10E3DE8F6B0B}.Release|Any CPU.Build.0 = Release|Any CPU
		{D5C16E33-535F-4B2F-9F2A-9EA5D2BFADFC}.Debug|Any CPU.ActiveCfg = Debug|Any CPU
		{D5C16E33-535F-4B2F-9F2A-9EA5D2BFADFC}.Debug|Any CPU.Build.0 = Debug|Any CPU
		{D5C16E33-535F-4B2F-9F2A-9EA5D2BFADFC}.Release|Any CPU.ActiveCfg = Release|Any CPU
		{D5C16E33-535F-4B2F-9F2A-9EA5D2BFADFC}.Release|Any CPU.Build.0 = Release|Any CPU
		{CCB4E6C1-AA99-4EED-B0F0-34B7A94DF9D2}.Debug|Any CPU.ActiveCfg = Debug|Any CPU
		{CCB4E6C1-AA99-4EED-B0F0-34B7A94DF9D2}.Debug|Any CPU.Build.0 = Debug|Any CPU
		{CCB4E6C1-AA99-4EED-B0F0-34B7A94DF9D2}.Release|Any CPU.ActiveCfg = Release|Any CPU
		{CCB4E6C1-AA99-4EED-B0F0-34B7A94DF9D2}.Release|Any CPU.Build.0 = Release|Any CPU
		{9DDEFCD3-5B2F-462E-9F50-16CF5DAE8CF5}.Debug|Any CPU.ActiveCfg = Debug|Any CPU
		{9DDEFCD3-5B2F-462E-9F50-16CF5DAE8CF5}.Debug|Any CPU.Build.0 = Debug|Any CPU
		{9DDEFCD3-5B2F-462E-9F50-16CF5DAE8CF5}.Release|Any CPU.ActiveCfg = Release|Any CPU
		{9DDEFCD3-5B2F-462E-9F50-16CF5DAE8CF5}.Release|Any CPU.Build.0 = Release|Any CPU
		{DA75B08D-81DB-4050-AFA3-9BE2B56A93ED}.Debug|Any CPU.ActiveCfg = Debug|Any CPU
		{DA75B08D-81DB-4050-AFA3-9BE2B56A93ED}.Debug|Any CPU.Build.0 = Debug|Any CPU
		{DA75B08D-81DB-4050-AFA3-9BE2B56A93ED}.Release|Any CPU.ActiveCfg = Release|Any CPU
		{DA75B08D-81DB-4050-AFA3-9BE2B56A93ED}.Release|Any CPU.Build.0 = Release|Any CPU
		{F4461725-3FA2-46C6-9BA0-7ABEDE581EAA}.Debug|Any CPU.ActiveCfg = Debug|Any CPU
		{F4461725-3FA2-46C6-9BA0-7ABEDE581EAA}.Debug|Any CPU.Build.0 = Debug|Any CPU
		{F4461725-3FA2-46C6-9BA0-7ABEDE581EAA}.Release|Any CPU.ActiveCfg = Release|Any CPU
		{F4461725-3FA2-46C6-9BA0-7ABEDE581EAA}.Release|Any CPU.Build.0 = Release|Any CPU
		{4ADA932B-F5DF-4968-9CEB-FC1E9BE4A54C}.Debug|Any CPU.ActiveCfg = Debug|Any CPU
		{4ADA932B-F5DF-4968-9CEB-FC1E9BE4A54C}.Debug|Any CPU.Build.0 = Debug|Any CPU
		{4ADA932B-F5DF-4968-9CEB-FC1E9BE4A54C}.Release|Any CPU.ActiveCfg = Release|Any CPU
		{4ADA932B-F5DF-4968-9CEB-FC1E9BE4A54C}.Release|Any CPU.Build.0 = Release|Any CPU
	EndGlobalSection
	GlobalSection(SolutionProperties) = preSolution
		HideSolutionNode = FALSE
	EndGlobalSection
	GlobalSection(NestedProjects) = preSolution
		{3EB5286C-FA4D-4567-A8E7-E5A2F39B6A13} = {00D822B5-2989-4C86-936C-BC5D5350A931}
		{8C3D1497-7E1A-440A-8760-CDD37BD52BEB} = {3EB5286C-FA4D-4567-A8E7-E5A2F39B6A13}
		{0229A6A7-8F6D-4DA2-AD12-C84537B920A6} = {3EB5286C-FA4D-4567-A8E7-E5A2F39B6A13}
		{EE222BD7-2C9E-41D2-8BC2-84DD2541B511} = {3EB5286C-FA4D-4567-A8E7-E5A2F39B6A13}
		{0E0FC3E4-95C5-4A5F-BA01-E95514993E05} = {3EB5286C-FA4D-4567-A8E7-E5A2F39B6A13}
		{2A158575-A75A-441C-A063-B08B9B861693} = {3EB5286C-FA4D-4567-A8E7-E5A2F39B6A13}
		{8502DE6A-9552-46BC-9EB5-7C326273F926} = {3EB5286C-FA4D-4567-A8E7-E5A2F39B6A13}
		{3580DB4D-B7B0-4E64-94D9-008CD70B6689} = {3EB5286C-FA4D-4567-A8E7-E5A2F39B6A13}
		{6DAFFEA7-2310-4728-9899-10E3DE8F6B0B} = {3EB5286C-FA4D-4567-A8E7-E5A2F39B6A13}
		{D5C16E33-535F-4B2F-9F2A-9EA5D2BFADFC} = {F6ECF565-8DA6-4E77-86F0-C08B5B6D0E86}
		{CCB4E6C1-AA99-4EED-B0F0-34B7A94DF9D2} = {F6ECF565-8DA6-4E77-86F0-C08B5B6D0E86}
		{9DDEFCD3-5B2F-462E-9F50-16CF5DAE8CF5} = {309B252E-D55E-4A9D-B526-BFE74E7BAD49}
		{DA75B08D-81DB-4050-AFA3-9BE2B56A93ED} = {309B252E-D55E-4A9D-B526-BFE74E7BAD49}
		{F4461725-3FA2-46C6-9BA0-7ABEDE581EAA} = {3EB5286C-FA4D-4567-A8E7-E5A2F39B6A13}
		{4ADA932B-F5DF-4968-9CEB-FC1E9BE4A54C} = {00D822B5-2989-4C86-936C-BC5D5350A931}
	EndGlobalSection
	GlobalSection(ExtensibilityGlobals) = postSolution
		SolutionGuid = {DEE1AEAA-0104-40F4-824D-5E3C3F9D5762}
	EndGlobalSection
EndGlobal
